// !$*UTF8*$!
{
	archiveVersion = 1;
	classes = {
	};
	objectVersion = 56;
	objects = {

/* Begin PBXBuildFile section */
		C2093FF4293BF04F00A4C9D1 /* GoogleReviews.swift in Sources */ = {isa = PBXBuildFile; fileRef = C2093FF3293BF04F00A4C9D1 /* GoogleReviews.swift */; };
		C2093FF6293BF07F00A4C9D1 /* ReviewsView.swift in Sources */ = {isa = PBXBuildFile; fileRef = C2093FF5293BF07F00A4C9D1 /* ReviewsView.swift */; };
		C2093FF8293BF0E400A4C9D1 /* StarsReview.swift in Sources */ = {isa = PBXBuildFile; fileRef = C2093FF7293BF0E400A4C9D1 /* StarsReview.swift */; };
		C2093FFA293BF3A900A4C9D1 /* GoogleReviewsData.json in Resources */ = {isa = PBXBuildFile; fileRef = C2093FF9293BF3A900A4C9D1 /* GoogleReviewsData.json */; };
		C2D45FA8292D90EA00744586 /* AppDelegate.swift in Sources */ = {isa = PBXBuildFile; fileRef = C2D45FA7292D90EA00744586 /* AppDelegate.swift */; };
		C2D45FAA292D90EA00744586 /* SceneDelegate.swift in Sources */ = {isa = PBXBuildFile; fileRef = C2D45FA9292D90EA00744586 /* SceneDelegate.swift */; };
		C2D45FAC292D90EA00744586 /* ViewController.swift in Sources */ = {isa = PBXBuildFile; fileRef = C2D45FAB292D90EA00744586 /* ViewController.swift */; };
		C2D45FAF292D90EA00744586 /* Main.storyboard in Resources */ = {isa = PBXBuildFile; fileRef = C2D45FAD292D90EA00744586 /* Main.storyboard */; };
		C2D45FB1292D90EB00744586 /* Assets.xcassets in Resources */ = {isa = PBXBuildFile; fileRef = C2D45FB0292D90EB00744586 /* Assets.xcassets */; };
		C2D45FB4292D90EB00744586 /* LaunchScreen.storyboard in Resources */ = {isa = PBXBuildFile; fileRef = C2D45FB2292D90EB00744586 /* LaunchScreen.storyboard */; };
		C2D45FBC292D913F00744586 /* ApiCall.swift in Sources */ = {isa = PBXBuildFile; fileRef = C2D45FBB292D913F00744586 /* ApiCall.swift */; };
		C2D45FBE292D91DE00744586 /* ReviewData.swift in Sources */ = {isa = PBXBuildFile; fileRef = C2D45FBD292D91DE00744586 /* ReviewData.swift */; };
/* End PBXBuildFile section */

/* Begin PBXFileReference section */
		C2093FF3293BF04F00A4C9D1 /* GoogleReviews.swift */ = {isa = PBXFileReference; lastKnownFileType = sourcecode.swift; path = GoogleReviews.swift; sourceTree = "<group>"; };
		C2093FF5293BF07F00A4C9D1 /* ReviewsView.swift */ = {isa = PBXFileReference; lastKnownFileType = sourcecode.swift; path = ReviewsView.swift; sourceTree = "<group>"; };
		C2093FF7293BF0E400A4C9D1 /* StarsReview.swift */ = {isa = PBXFileReference; lastKnownFileType = sourcecode.swift; path = StarsReview.swift; sourceTree = "<group>"; };
		C2093FF9293BF3A900A4C9D1 /* GoogleReviewsData.json */ = {isa = PBXFileReference; lastKnownFileType = text.json; path = GoogleReviewsData.json; sourceTree = "<group>"; };
		C2D45FA4292D90EA00744586 /* googleReviews.app */ = {isa = PBXFileReference; explicitFileType = wrapper.application; includeInIndex = 0; path = googleReviews.app; sourceTree = BUILT_PRODUCTS_DIR; };
		C2D45FA7292D90EA00744586 /* AppDelegate.swift */ = {isa = PBXFileReference; lastKnownFileType = sourcecode.swift; path = AppDelegate.swift; sourceTree = "<group>"; };
		C2D45FA9292D90EA00744586 /* SceneDelegate.swift */ = {isa = PBXFileReference; lastKnownFileType = sourcecode.swift; path = SceneDelegate.swift; sourceTree = "<group>"; };
		C2D45FAB292D90EA00744586 /* ViewController.swift */ = {isa = PBXFileReference; lastKnownFileType = sourcecode.swift; path = ViewController.swift; sourceTree = "<group>"; };
		C2D45FAE292D90EA00744586 /* Base */ = {isa = PBXFileReference; lastKnownFileType = file.storyboard; name = Base; path = Base.lproj/Main.storyboard; sourceTree = "<group>"; };
		C2D45FB0292D90EB00744586 /* Assets.xcassets */ = {isa = PBXFileReference; lastKnownFileType = folder.assetcatalog; path = Assets.xcassets; sourceTree = "<group>"; };
		C2D45FB3292D90EB00744586 /* Base */ = {isa = PBXFileReference; lastKnownFileType = file.storyboard; name = Base; path = Base.lproj/LaunchScreen.storyboard; sourceTree = "<group>"; };
		C2D45FB5292D90EB00744586 /* Info.plist */ = {isa = PBXFileReference; lastKnownFileType = text.plist.xml; path = Info.plist; sourceTree = "<group>"; };
		C2D45FBB292D913F00744586 /* ApiCall.swift */ = {isa = PBXFileReference; fileEncoding = 4; lastKnownFileType = sourcecode.swift; path = ApiCall.swift; sourceTree = "<group>"; };
		C2D45FBD292D91DE00744586 /* ReviewData.swift */ = {isa = PBXFileReference; fileEncoding = 4; lastKnownFileType = sourcecode.swift; path = ReviewData.swift; sourceTree = "<group>"; };
/* End PBXFileReference section */

/* Begin PBXFrameworksBuildPhase section */
		C2D45FA1292D90EA00744586 /* Frameworks */ = {
			isa = PBXFrameworksBuildPhase;
			buildActionMask = 2147483647;
			files = (
			);
			runOnlyForDeploymentPostprocessing = 0;
		};
/* End PBXFrameworksBuildPhase section */

/* Begin PBXGroup section */
		C2D45F9B292D90EA00744586 = {
			isa = PBXGroup;
			children = (
				C2D45FA6292D90EA00744586 /* googleReviews */,
				C2D45FA5292D90EA00744586 /* Products */,
			);
			sourceTree = "<group>";
		};
		C2D45FA5292D90EA00744586 /* Products */ = {
			isa = PBXGroup;
			children = (
				C2D45FA4292D90EA00744586 /* googleReviews.app */,
			);
			name = Products;
			sourceTree = "<group>";
		};
		C2D45FA6292D90EA00744586 /* googleReviews */ = {
			isa = PBXGroup;
			children = (
				C2D45FA7292D90EA00744586 /* AppDelegate.swift */,
				C2D45FA9292D90EA00744586 /* SceneDelegate.swift */,
				C2D45FAB292D90EA00744586 /* ViewController.swift */,
				C2D45FBD292D91DE00744586 /* ReviewData.swift */,
				C2093FF3293BF04F00A4C9D1 /* GoogleReviews.swift */,
				C2093FF7293BF0E400A4C9D1 /* StarsReview.swift */,
				C2093FF5293BF07F00A4C9D1 /* ReviewsView.swift */,
				C2D45FAD292D90EA00744586 /* Main.storyboard */,
				C2D45FBB292D913F00744586 /* ApiCall.swift */,
				C2D45FB0292D90EB00744586 /* Assets.xcassets */,
				C2D45FB2292D90EB00744586 /* LaunchScreen.storyboard */,
				C2D45FB5292D90EB00744586 /* Info.plist */,
				C2093FF9293BF3A900A4C9D1 /* GoogleReviewsData.json */,
			);
			path = googleReviews;
			sourceTree = "<group>";
		};
/* End PBXGroup section */

/* Begin PBXNativeTarget section */
		C2D45FA3292D90EA00744586 /* googleReviews */ = {
			isa = PBXNativeTarget;
			buildConfigurationList = C2D45FB8292D90EB00744586 /* Build configuration list for PBXNativeTarget "googleReviews" */;
			buildPhases = (
				C2D45FA0292D90EA00744586 /* Sources */,
				C2D45FA1292D90EA00744586 /* Frameworks */,
				C2D45FA2292D90EA00744586 /* Resources */,
			);
			buildRules = (
			);
			dependencies = (
			);
			name = googleReviews;
			productName = googleReviews;
			productReference = C2D45FA4292D90EA00744586 /* googleReviews.app */;
			productType = "com.apple.product-type.application";
		};
/* End PBXNativeTarget section */

/* Begin PBXProject section */
		C2D45F9C292D90EA00744586 /* Project object */ = {
			isa = PBXProject;
			attributes = {
				BuildIndependentTargetsInParallel = 1;
				LastSwiftUpdateCheck = 1410;
				LastUpgradeCheck = 1410;
				TargetAttributes = {
					C2D45FA3292D90EA00744586 = {
						CreatedOnToolsVersion = 14.1;
					};
				};
			};
			buildConfigurationList = C2D45F9F292D90EA00744586 /* Build configuration list for PBXProject "googleReviews" */;
			compatibilityVersion = "Xcode 14.0";
			developmentRegion = en;
			hasScannedForEncodings = 0;
			knownRegions = (
				en,
				Base,
			);
			mainGroup = C2D45F9B292D90EA00744586;
			productRefGroup = C2D45FA5292D90EA00744586 /* Products */;
			projectDirPath = "";
			projectRoot = "";
			targets = (
				C2D45FA3292D90EA00744586 /* googleReviews */,
			);
		};
/* End PBXProject section */

/* Begin PBXResourcesBuildPhase section */
		C2D45FA2292D90EA00744586 /* Resources */ = {
			isa = PBXResourcesBuildPhase;
			buildActionMask = 2147483647;
			files = (
				C2D45FB4292D90EB00744586 /* LaunchScreen.storyboard in Resources */,
				C2D45FB1292D90EB00744586 /* Assets.xcassets in Resources */,
				C2093FFA293BF3A900A4C9D1 /* GoogleReviewsData.json in Resources */,
				C2D45FAF292D90EA00744586 /* Main.storyboard in Resources */,
			);
			runOnlyForDeploymentPostprocessing = 0;
		};
/* End PBXResourcesBuildPhase section */

/* Begin PBXSourcesBuildPhase section */
		C2D45FA0292D90EA00744586 /* Sources */ = {
			isa = PBXSourcesBuildPhase;
			buildActionMask = 2147483647;
			files = (
				C2093FF4293BF04F00A4C9D1 /* GoogleReviews.swift in Sources */,
				C2D45FBE292D91DE00744586 /* ReviewData.swift in Sources */,
				C2D45FAC292D90EA00744586 /* ViewController.swift in Sources */,
				C2D45FA8292D90EA00744586 /* AppDelegate.swift in Sources */,
				C2093FF6293BF07F00A4C9D1 /* ReviewsView.swift in Sources */,
				C2D45FBC292D913F00744586 /* ApiCall.swift in Sources */,
				C2D45FAA292D90EA00744586 /* SceneDelegate.swift in Sources */,
				C2093FF8293BF0E400A4C9D1 /* StarsReview.swift in Sources */,
			);
			runOnlyForDeploymentPostprocessing = 0;
		};
/* End PBXSourcesBuildPhase section */

/* Begin PBXVariantGroup section */
		C2D45FAD292D90EA00744586 /* Main.storyboard */ = {
			isa = PBXVariantGroup;
			children = (
				C2D45FAE292D90EA00744586 /* Base */,
			);
			name = Main.storyboard;
			sourceTree = "<group>";
		};
		C2D45FB2292D90EB00744586 /* LaunchScreen.storyboard */ = {
			isa = PBXVariantGroup;
			children = (
				C2D45FB3292D90EB00744586 /* Base */,
			);
			name = LaunchScreen.storyboard;
			sourceTree = "<group>";
		};
/* End PBXVariantGroup section */

/* Begin XCBuildConfiguration section */
		C2D45FB6292D90EB00744586 /* Debug */ = {
			isa = XCBuildConfiguration;
			buildSettings = {
				ALWAYS_SEARCH_USER_PATHS = NO;
				CLANG_ANALYZER_NONNULL = YES;
				CLANG_ANALYZER_NUMBER_OBJECT_CONVERSION = YES_AGGRESSIVE;
				CLANG_CXX_LANGUAGE_STANDARD = "gnu++20";
				CLANG_ENABLE_MODULES = YES;
				CLANG_ENABLE_OBJC_ARC = YES;
				CLANG_ENABLE_OBJC_WEAK = YES;
				CLANG_WARN_BLOCK_CAPTURE_AUTORELEASING = YES;
				CLANG_WARN_BOOL_CONVERSION = YES;
				CLANG_WARN_COMMA = YES;
				CLANG_WARN_CONSTANT_CONVERSION = YES;
				CLANG_WARN_DEPRECATED_OBJC_IMPLEMENTATIONS = YES;
				CLANG_WARN_DIRECT_OBJC_ISA_USAGE = YES_ERROR;
				CLANG_WARN_DOCUMENTATION_COMMENTS = YES;
				CLANG_WARN_EMPTY_BODY = YES;
				CLANG_WARN_ENUM_CONVERSION = YES;
				CLANG_WARN_INFINITE_RECURSION = YES;
				CLANG_WARN_INT_CONVERSION = YES;
				CLANG_WARN_NON_LITERAL_NULL_CONVERSION = YES;
				CLANG_WARN_OBJC_IMPLICIT_RETAIN_SELF = YES;
				CLANG_WARN_OBJC_LITERAL_CONVERSION = YES;
				CLANG_WARN_OBJC_ROOT_CLASS = YES_ERROR;
				CLANG_WARN_QUOTED_INCLUDE_IN_FRAMEWORK_HEADER = YES;
				CLANG_WARN_RANGE_LOOP_ANALYSIS = YES;
				CLANG_WARN_STRICT_PROTOTYPES = YES;
				CLANG_WARN_SUSPICIOUS_MOVE = YES;
				CLANG_WARN_UNGUARDED_AVAILABILITY = YES_AGGRESSIVE;
				CLANG_WARN_UNREACHABLE_CODE = YES;
				CLANG_WARN__DUPLICATE_METHOD_MATCH = YES;
				COPY_PHASE_STRIP = NO;
				DEBUG_INFORMATION_FORMAT = dwarf;
				ENABLE_STRICT_OBJC_MSGSEND = YES;
				ENABLE_TESTABILITY = YES;
				GCC_C_LANGUAGE_STANDARD = gnu11;
				GCC_DYNAMIC_NO_PIC = NO;
				GCC_NO_COMMON_BLOCKS = YES;
				GCC_OPTIMIZATION_LEVEL = 0;
				GCC_PREPROCESSOR_DEFINITIONS = (
					"DEBUG=1",
					"$(inherited)",
				);
				GCC_WARN_64_TO_32_BIT_CONVERSION = YES;
				GCC_WARN_ABOUT_RETURN_TYPE = YES_ERROR;
				GCC_WARN_UNDECLARED_SELECTOR = YES;
				GCC_WARN_UNINITIALIZED_AUTOS = YES_AGGRESSIVE;
				GCC_WARN_UNUSED_FUNCTION = YES;
				GCC_WARN_UNUSED_VARIABLE = YES;
				IPHONEOS_DEPLOYMENT_TARGET = 16.1;
				MTL_ENABLE_DEBUG_INFO = INCLUDE_SOURCE;
				MTL_FAST_MATH = YES;
				ONLY_ACTIVE_ARCH = YES;
				SDKROOT = iphoneos;
				SWIFT_ACTIVE_COMPILATION_CONDITIONS = DEBUG;
				SWIFT_OPTIMIZATION_LEVEL = "-Onone";
			};
			name = Debug;
		};
		C2D45FB7292D90EB00744586 /* Release */ = {
			isa = XCBuildConfiguration;
			buildSettings = {
				ALWAYS_SEARCH_USER_PATHS = NO;
				CLANG_ANALYZER_NONNULL = YES;
				CLANG_ANALYZER_NUMBER_OBJECT_CONVERSION = YES_AGGRESSIVE;
				CLANG_CXX_LANGUAGE_STANDARD = "gnu++20";
				CLANG_ENABLE_MODULES = YES;
				CLANG_ENABLE_OBJC_ARC = YES;
				CLANG_ENABLE_OBJC_WEAK = YES;
				CLANG_WARN_BLOCK_CAPTURE_AUTORELEASING = YES;
				CLANG_WARN_BOOL_CONVERSION = YES;
				CLANG_WARN_COMMA = YES;
				CLANG_WARN_CONSTANT_CONVERSION = YES;
				CLANG_WARN_DEPRECATED_OBJC_IMPLEMENTATIONS = YES;
				CLANG_WARN_DIRECT_OBJC_ISA_USAGE = YES_ERROR;
				CLANG_WARN_DOCUMENTATION_COMMENTS = YES;
				CLANG_WARN_EMPTY_BODY = YES;
				CLANG_WARN_ENUM_CONVERSION = YES;
				CLANG_WARN_INFINITE_RECURSION = YES;
				CLANG_WARN_INT_CONVERSION = YES;
				CLANG_WARN_NON_LITERAL_NULL_CONVERSION = YES;
				CLANG_WARN_OBJC_IMPLICIT_RETAIN_SELF = YES;
				CLANG_WARN_OBJC_LITERAL_CONVERSION = YES;
				CLANG_WARN_OBJC_ROOT_CLASS = YES_ERROR;
				CLANG_WARN_QUOTED_INCLUDE_IN_FRAMEWORK_HEADER = YES;
				CLANG_WARN_RANGE_LOOP_ANALYSIS = YES;
				CLANG_WARN_STRICT_PROTOTYPES = YES;
				CLANG_WARN_SUSPICIOUS_MOVE = YES;
				CLANG_WARN_UNGUARDED_AVAILABILITY = YES_AGGRESSIVE;
				CLANG_WARN_UNREACHABLE_CODE = YES;
				CLANG_WARN__DUPLICATE_METHOD_MATCH = YES;
				COPY_PHASE_STRIP = NO;
				DEBUG_INFORMATION_FORMAT = "dwarf-with-dsym";
				ENABLE_NS_ASSERTIONS = NO;
				ENABLE_STRICT_OBJC_MSGSEND = YES;
				GCC_C_LANGUAGE_STANDARD = gnu11;
				GCC_NO_COMMON_BLOCKS = YES;
				GCC_WARN_64_TO_32_BIT_CONVERSION = YES;
				GCC_WARN_ABOUT_RETURN_TYPE = YES_ERROR;
				GCC_WARN_UNDECLARED_SELECTOR = YES;
				GCC_WARN_UNINITIALIZED_AUTOS = YES_AGGRESSIVE;
				GCC_WARN_UNUSED_FUNCTION = YES;
				GCC_WARN_UNUSED_VARIABLE = YES;
				IPHONEOS_DEPLOYMENT_TARGET = 16.1;
				MTL_ENABLE_DEBUG_INFO = NO;
				MTL_FAST_MATH = YES;
				SDKROOT = iphoneos;
				SWIFT_COMPILATION_MODE = wholemodule;
				SWIFT_OPTIMIZATION_LEVEL = "-O";
				VALIDATE_PRODUCT = YES;
			};
			name = Release;
		};
		C2D45FB9292D90EB00744586 /* Debug */ = {
			isa = XCBuildConfiguration;
			buildSettings = {
				ASSETCATALOG_COMPILER_APPICON_NAME = AppIcon;
				ASSETCATALOG_COMPILER_GLOBAL_ACCENT_COLOR_NAME = AccentColor;
				CODE_SIGN_STYLE = Automatic;
				CURRENT_PROJECT_VERSION = 1;
				GENERATE_INFOPLIST_FILE = YES;
				INFOPLIST_FILE = googleReviews/Info.plist;
				INFOPLIST_KEY_UIApplicationSupportsIndirectInputEvents = YES;
				INFOPLIST_KEY_UILaunchStoryboardName = LaunchScreen;
				INFOPLIST_KEY_UIMainStoryboardFile = Main;
				INFOPLIST_KEY_UISupportedInterfaceOrientations_iPad = "UIInterfaceOrientationPortrait UIInterfaceOrientationPortraitUpsideDown UIInterfaceOrientationLandscapeLeft UIInterfaceOrientationLandscapeRight";
				INFOPLIST_KEY_UISupportedInterfaceOrientations_iPhone = "UIInterfaceOrientationPortrait UIInterfaceOrientationLandscapeLeft UIInterfaceOrientationLandscapeRight";
				LD_RUNPATH_SEARCH_PATHS = (
					"$(inherited)",
					"@executable_path/Frameworks",
				);
				MARKETING_VERSION = 1.0;
				PRODUCT_BUNDLE_IDENTIFIER = com.wellsayd.googleReviews;
				PRODUCT_NAME = "$(TARGET_NAME)";
				SWIFT_EMIT_LOC_STRINGS = YES;
				SWIFT_VERSION = 5.0;
				TARGETED_DEVICE_FAMILY = "1,2";
			};
			name = Debug;
		};
		C2D45FBA292D90EB00744586 /* Release */ = {
			isa = XCBuildConfiguration;
			buildSettings = {
				ASSETCATALOG_COMPILER_APPICON_NAME = AppIcon;
				ASSETCATALOG_COMPILER_GLOBAL_ACCENT_COLOR_NAME = AccentColor;
				CODE_SIGN_STYLE = Automatic;
				CURRENT_PROJECT_VERSION = 1;
				GENERATE_INFOPLIST_FILE = YES;
				INFOPLIST_FILE = googleReviews/Info.plist;
				INFOPLIST_KEY_UIApplicationSupportsIndirectInputEvents = YES;
				INFOPLIST_KEY_UILaunchStoryboardName = LaunchScreen;
				INFOPLIST_KEY_UIMainStoryboardFile = Main;
				INFOPLIST_KEY_UISupportedInterfaceOrientations_iPad = "UIInterfaceOrientationPortrait UIInterfaceOrientationPortraitUpsideDown UIInterfaceOrientationLandscapeLeft UIInterfaceOrientationLandscapeRight";
				INFOPLIST_KEY_UISupportedInterfaceOrientations_iPhone = "UIInterfaceOrientationPortrait UIInterfaceOrientationLandscapeLeft UIInterfaceOrientationLandscapeRight";
				LD_RUNPATH_SEARCH_PATHS = (
					"$(inherited)",
					"@executable_path/Frameworks",
				);
				MARKETING_VERSION = 1.0;
				PRODUCT_BUNDLE_IDENTIFIER = com.wellsayd.googleReviews;
				PRODUCT_NAME = "$(TARGET_NAME)";
				SWIFT_EMIT_LOC_STRINGS = YES;
				SWIFT_VERSION = 5.0;
				TARGETED_DEVICE_FAMILY = "1,2";
			};
			name = Release;
		};
/* End XCBuildConfiguration section */

/* Begin XCConfigurationList section */
		C2D45F9F292D90EA00744586 /* Build configuration list for PBXProject "googleReviews" */ = {
			isa = XCConfigurationList;
			buildConfigurations = (
				C2D45FB6292D90EB00744586 /* Debug */,
				C2D45FB7292D90EB00744586 /* Release */,
			);
			defaultConfigurationIsVisible = 0;
			defaultConfigurationName = Release;
		};
		C2D45FB8292D90EB00744586 /* Build configuration list for PBXNativeTarget "googleReviews" */ = {
			isa = XCConfigurationList;
			buildConfigurations = (
				C2D45FB9292D90EB00744586 /* Debug */,
				C2D45FBA292D90EB00744586 /* Release */,
			);
			defaultConfigurationIsVisible = 0;
			defaultConfigurationName = Release;
		};
/* End XCConfigurationList section */
	};
	rootObject = C2D45F9C292D90EA00744586 /* Project object */;
}
